// !$*UTF8*$!
{
	archiveVersion = 1;
	classes = {
	};
	objectVersion = 46;
	objects = {

/* Begin PBXBuildFile section */
		D8C8B60DFAAF66118DB10F50 /* Pods_forNiiSokb.framework in Frameworks */ = {isa = PBXBuildFile; fileRef = 43CB7196E3CDF5C9E5B91CE6 /* Pods_forNiiSokb.framework */; };
		ED5A711A1C74F2900098003B /* noimg.png in Resources */ = {isa = PBXBuildFile; fileRef = ED5A71151C74F2900098003B /* noimg.png */; };
		ED5A711B1C74F2900098003B /* RSImagesVC.swift in Sources */ = {isa = PBXBuildFile; fileRef = ED5A71161C74F2900098003B /* RSImagesVC.swift */; };
		ED5A711C1C74F2900098003B /* RSStructure.swift in Sources */ = {isa = PBXBuildFile; fileRef = ED5A71171C74F2900098003B /* RSStructure.swift */; };
		ED5A711D1C74F2900098003B /* RSTitlesVC.swift in Sources */ = {isa = PBXBuildFile; fileRef = ED5A71181C74F2900098003B /* RSTitlesVC.swift */; };
		ED5A711E1C74F2900098003B /* wait.gif in Resources */ = {isa = PBXBuildFile; fileRef = ED5A71191C74F2900098003B /* wait.gif */; };
		ED5A71211C74F2950098003B /* RSMain.storyboard in Resources */ = {isa = PBXBuildFile; fileRef = ED5A711F1C74F2950098003B /* RSMain.storyboard */; };
		ED8E58AB1C74F0C400EF2105 /* AppDelegate.swift in Sources */ = {isa = PBXBuildFile; fileRef = ED8E58AA1C74F0C400EF2105 /* AppDelegate.swift */; };
		ED8E58B21C74F0C400EF2105 /* Assets.xcassets in Resources */ = {isa = PBXBuildFile; fileRef = ED8E58B11C74F0C400EF2105 /* Assets.xcassets */; };
/* End PBXBuildFile section */

/* Begin PBXFileReference section */
		0189CA0249EC9FD1718889D3 /* Pods-forNiiSokb.debug.xcconfig */ = {isa = PBXFileReference; includeInIndex = 1; lastKnownFileType = text.xcconfig; name = "Pods-forNiiSokb.debug.xcconfig"; path = "Pods/Target Support Files/Pods-forNiiSokb/Pods-forNiiSokb.debug.xcconfig"; sourceTree = "<group>"; };
		0DD8F7EC48AB8676D7F3B89C /* Pods-forNiiSokb.release.xcconfig */ = {isa = PBXFileReference; includeInIndex = 1; lastKnownFileType = text.xcconfig; name = "Pods-forNiiSokb.release.xcconfig"; path = "Pods/Target Support Files/Pods-forNiiSokb/Pods-forNiiSokb.release.xcconfig"; sourceTree = "<group>"; };
		43CB7196E3CDF5C9E5B91CE6 /* Pods_forNiiSokb.framework */ = {isa = PBXFileReference; explicitFileType = wrapper.framework; includeInIndex = 0; path = Pods_forNiiSokb.framework; sourceTree = BUILT_PRODUCTS_DIR; };
		ED5A71151C74F2900098003B /* noimg.png */ = {isa = PBXFileReference; lastKnownFileType = image.png; path = noimg.png; sourceTree = "<group>"; };
		ED5A71161C74F2900098003B /* RSImagesVC.swift */ = {isa = PBXFileReference; fileEncoding = 4; lastKnownFileType = sourcecode.swift; path = RSImagesVC.swift; sourceTree = "<group>"; };
		ED5A71171C74F2900098003B /* RSStructure.swift */ = {isa = PBXFileReference; fileEncoding = 4; lastKnownFileType = sourcecode.swift; path = RSStructure.swift; sourceTree = "<group>"; };
		ED5A71181C74F2900098003B /* RSTitlesVC.swift */ = {isa = PBXFileReference; fileEncoding = 4; lastKnownFileType = sourcecode.swift; path = RSTitlesVC.swift; sourceTree = "<group>"; };
		ED5A71191C74F2900098003B /* wait.gif */ = {isa = PBXFileReference; lastKnownFileType = image.gif; path = wait.gif; sourceTree = "<group>"; };
		ED5A71201C74F2950098003B /* Base */ = {isa = PBXFileReference; lastKnownFileType = file.storyboard; name = Base; path = Base.lproj/RSMain.storyboard; sourceTree = "<group>"; };
		ED8E58A71C74F0C300EF2105 /* forNiiSokb.app */ = {isa = PBXFileReference; explicitFileType = wrapper.application; includeInIndex = 0; path = forNiiSokb.app; sourceTree = BUILT_PRODUCTS_DIR; };
		ED8E58AA1C74F0C400EF2105 /* AppDelegate.swift */ = {isa = PBXFileReference; lastKnownFileType = sourcecode.swift; path = AppDelegate.swift; sourceTree = "<group>"; };
		ED8E58B11C74F0C400EF2105 /* Assets.xcassets */ = {isa = PBXFileReference; lastKnownFileType = folder.assetcatalog; path = Assets.xcassets; sourceTree = "<group>"; };
		ED8E58B61C74F0C400EF2105 /* Info.plist */ = {isa = PBXFileReference; lastKnownFileType = text.plist.xml; path = Info.plist; sourceTree = "<group>"; };
/* End PBXFileReference section */

/* Begin PBXFrameworksBuildPhase section */
		ED8E58A41C74F0C300EF2105 /* Frameworks */ = {
			isa = PBXFrameworksBuildPhase;
			buildActionMask = 2147483647;
			files = (
				D8C8B60DFAAF66118DB10F50 /* Pods_forNiiSokb.framework in Frameworks */,
			);
			runOnlyForDeploymentPostprocessing = 0;
		};
/* End PBXFrameworksBuildPhase section */

/* Begin PBXGroup section */
		1972DFE44EBDAB5262B7EE78 /* Frameworks */ = {
			isa = PBXGroup;
			children = (
				43CB7196E3CDF5C9E5B91CE6 /* Pods_forNiiSokb.framework */,
			);
			name = Frameworks;
			sourceTree = "<group>";
		};
		DAD0D036665FAA5E939E1CE7 /* Pods */ = {
			isa = PBXGroup;
			children = (
				0189CA0249EC9FD1718889D3 /* Pods-forNiiSokb.debug.xcconfig */,
				0DD8F7EC48AB8676D7F3B89C /* Pods-forNiiSokb.release.xcconfig */,
			);
			name = Pods;
			sourceTree = "<group>";
		};
		ED5A71221C74F2A10098003B /* Images */ = {
			isa = PBXGroup;
			children = (
				ED5A71151C74F2900098003B /* noimg.png */,
				ED5A71191C74F2900098003B /* wait.gif */,
			);
			name = Images;
			sourceTree = "<group>";
		};
		ED8E589E1C74F0C300EF2105 = {
			isa = PBXGroup;
			children = (
				ED8E58A91C74F0C400EF2105 /* forNiiSokb */,
				ED8E58A81C74F0C300EF2105 /* Products */,
				DAD0D036665FAA5E939E1CE7 /* Pods */,
				1972DFE44EBDAB5262B7EE78 /* Frameworks */,
			);
			sourceTree = "<group>";
		};
		ED8E58A81C74F0C300EF2105 /* Products */ = {
			isa = PBXGroup;
			children = (
				ED8E58A71C74F0C300EF2105 /* forNiiSokb.app */,
			);
			name = Products;
			sourceTree = "<group>";
		};
		ED8E58A91C74F0C400EF2105 /* forNiiSokb */ = {
			isa = PBXGroup;
			children = (
				ED5A711F1C74F2950098003B /* RSMain.storyboard */,
				ED5A71181C74F2900098003B /* RSTitlesVC.swift */,
				ED5A71161C74F2900098003B /* RSImagesVC.swift */,
				ED5A71171C74F2900098003B /* RSStructure.swift */,
				ED8E58AA1C74F0C400EF2105 /* AppDelegate.swift */,
				ED8E58B11C74F0C400EF2105 /* Assets.xcassets */,
				ED8E58B61C74F0C400EF2105 /* Info.plist */,
				ED5A71221C74F2A10098003B /* Images */,
			);
			path = forNiiSokb;
			sourceTree = "<group>";
		};
/* End PBXGroup section */

/* Begin PBXNativeTarget section */
		ED8E58A61C74F0C300EF2105 /* forNiiSokb */ = {
			isa = PBXNativeTarget;
			buildConfigurationList = ED8E58B91C74F0C400EF2105 /* Build configuration list for PBXNativeTarget "forNiiSokb" */;
			buildPhases = (
				B5DE4CCAE857612E5555F8ED /* Check Pods Manifest.lock */,
				ED8E58A31C74F0C300EF2105 /* Sources */,
				ED8E58A41C74F0C300EF2105 /* Frameworks */,
				ED8E58A51C74F0C300EF2105 /* Resources */,
				EBC280C7CBAE73B16DD1D263 /* Embed Pods Frameworks */,
				5FC32B8DEB2B42DFCD2E33BF /* Copy Pods Resources */,
			);
			buildRules = (
			);
			dependencies = (
			);
			name = forNiiSokb;
			productName = forNiiSokb;
			productReference = ED8E58A71C74F0C300EF2105 /* forNiiSokb.app */;
			productType = "com.apple.product-type.application";
		};
/* End PBXNativeTarget section */

/* Begin PBXProject section */
		ED8E589F1C74F0C300EF2105 /* Project object */ = {
			isa = PBXProject;
			attributes = {
				LastSwiftUpdateCheck = 0720;
				LastUpgradeCheck = 0720;
				ORGANIZATIONNAME = rs;
				TargetAttributes = {
					ED8E58A61C74F0C300EF2105 = {
						CreatedOnToolsVersion = 7.2;
					};
				};
			};
			buildConfigurationList = ED8E58A21C74F0C300EF2105 /* Build configuration list for PBXProject "forNiiSokb" */;
			compatibilityVersion = "Xcode 3.2";
			developmentRegion = English;
			hasScannedForEncodings = 0;
			knownRegions = (
				en,
				Base,
			);
			mainGroup = ED8E589E1C74F0C300EF2105;
			productRefGroup = ED8E58A81C74F0C300EF2105 /* Products */;
			projectDirPath = "";
			projectRoot = "";
			targets = (
				ED8E58A61C74F0C300EF2105 /* forNiiSokb */,
			);
		};
/* End PBXProject section */

/* Begin PBXResourcesBuildPhase section */
		ED8E58A51C74F0C300EF2105 /* Resources */ = {
			isa = PBXResourcesBuildPhase;
			buildActionMask = 2147483647;
			files = (
				ED5A711A1C74F2900098003B /* noimg.png in Resources */,
				ED5A711E1C74F2900098003B /* wait.gif in Resources */,
				ED5A71211C74F2950098003B /* RSMain.storyboard in Resources */,
				ED8E58B21C74F0C400EF2105 /* Assets.xcassets in Resources */,
			);
			runOnlyForDeploymentPostprocessing = 0;
		};
/* End PBXResourcesBuildPhase section */

/* Begin PBXShellScriptBuildPhase section */
		5FC32B8DEB2B42DFCD2E33BF /* Copy Pods Resources */ = {
			isa = PBXShellScriptBuildPhase;
			buildActionMask = 2147483647;
			files = (
			);
			inputPaths = (
			);
			name = "Copy Pods Resources";
			outputPaths = (
			);
			runOnlyForDeploymentPostprocessing = 0;
			shellPath = /bin/sh;
			shellScript = "\"${SRCROOT}/Pods/Target Support Files/Pods-forNiiSokb/Pods-forNiiSokb-resources.sh\"\n";
			showEnvVarsInLog = 0;
		};
		B5DE4CCAE857612E5555F8ED /* Check Pods Manifest.lock */ = {
			isa = PBXShellScriptBuildPhase;
			buildActionMask = 2147483647;
			files = (
			);
			inputPaths = (
			);
			name = "Check Pods Manifest.lock";
			outputPaths = (
			);
			runOnlyForDeploymentPostprocessing = 0;
			shellPath = /bin/sh;
			shellScript = "diff \"${PODS_ROOT}/../Podfile.lock\" \"${PODS_ROOT}/Manifest.lock\" > /dev/null\nif [[ $? != 0 ]] ; then\n    cat << EOM\nerror: The sandbox is not in sync with the Podfile.lock. Run 'pod install' or update your CocoaPods installation.\nEOM\n    exit 1\nfi\n";
			showEnvVarsInLog = 0;
		};
		EBC280C7CBAE73B16DD1D263 /* Embed Pods Frameworks */ = {
			isa = PBXShellScriptBuildPhase;
			buildActionMask = 2147483647;
			files = (
			);
			inputPaths = (
			);
			name = "Embed Pods Frameworks";
			outputPaths = (
			);
			runOnlyForDeploymentPostprocessing = 0;
			shellPath = /bin/sh;
			shellScript = "\"${SRCROOT}/Pods/Target Support Files/Pods-forNiiSokb/Pods-forNiiSokb-frameworks.sh\"\n";
			showEnvVarsInLog = 0;
		};
/* End PBXShellScriptBuildPhase section */

/* Begin PBXSourcesBuildPhase section */
		ED8E58A31C74F0C300EF2105 /* Sources */ = {
			isa = PBXSourcesBuildPhase;
			buildActionMask = 2147483647;
			files = (
				ED5A711C1C74F2900098003B /* RSStructure.swift in Sources */,
				ED8E58AB1C74F0C400EF2105 /* AppDelegate.swift in Sources */,
				ED5A711D1C74F2900098003B /* RSTitlesVC.swift in Sources */,
				ED5A711B1C74F2900098003B /* RSImagesVC.swift in Sources */,
			);
			runOnlyForDeploymentPostprocessing = 0;
		};
/* End PBXSourcesBuildPhase section */

/* Begin PBXVariantGroup section */
		ED5A711F1C74F2950098003B /* RSMain.storyboard */ = {
			isa = PBXVariantGroup;
			children = (
				ED5A71201C74F2950098003B /* Base */,
			);
			name = RSMain.storyboard;
			sourceTree = "<group>";
		};
/* End PBXVariantGroup section */

/* Begin XCBuildConfiguration section */
		ED8E58B71C74F0C400EF2105 /* Debug */ = {
			isa = XCBuildConfiguration;
			buildSettings = {
				ALWAYS_SEARCH_USER_PATHS = NO;
				CLANG_CXX_LANGUAGE_STANDARD = "gnu++0x";
				CLANG_CXX_LIBRARY = "libc++";
				CLANG_ENABLE_MODULES = YES;
				CLANG_ENABLE_OBJC_ARC = YES;
				CLANG_WARN_BOOL_CONVERSION = YES;
				CLANG_WARN_CONSTANT_CONVERSION = YES;
				CLANG_WARN_DIRECT_OBJC_ISA_USAGE = YES_ERROR;
				CLANG_WARN_EMPTY_BODY = YES;
				CLANG_WARN_ENUM_CONVERSION = YES;
				CLANG_WARN_INT_CONVERSION = YES;
				CLANG_WARN_OBJC_ROOT_CLASS = YES_ERROR;
				CLANG_WARN_UNREACHABLE_CODE = YES;
				CLANG_WARN__DUPLICATE_METHOD_MATCH = YES;
				"CODE_SIGN_IDENTITY[sdk=iphoneos*]" = "iPhone Developer";
				COPY_PHASE_STRIP = NO;
				DEBUG_INFORMATION_FORMAT = dwarf;
				ENABLE_STRICT_OBJC_MSGSEND = YES;
				ENABLE_TESTABILITY = YES;
				GCC_C_LANGUAGE_STANDARD = gnu99;
				GCC_DYNAMIC_NO_PIC = NO;
				GCC_NO_COMMON_BLOCKS = YES;
				GCC_OPTIMIZATION_LEVEL = 0;
				GCC_PREPROCESSOR_DEFINITIONS = (
					"DEBUG=1",
					"$(inherited)",
				);
				GCC_WARN_64_TO_32_BIT_CONVERSION = YES;
				GCC_WARN_ABOUT_RETURN_TYPE = YES_ERROR;
				GCC_WARN_UNDECLARED_SELECTOR = YES;
				GCC_WARN_UNINITIALIZED_AUTOS = YES_AGGRESSIVE;
				GCC_WARN_UNUSED_FUNCTION = YES;
				GCC_WARN_UNUSED_VARIABLE = YES;
				IPHONEOS_DEPLOYMENT_TARGET = 9.2;
				MTL_ENABLE_DEBUG_INFO = YES;
				ONLY_ACTIVE_ARCH = YES;
				SDKROOT = iphoneos;
				SWIFT_OPTIMIZATION_LEVEL = "-Onone";
				TARGETED_DEVICE_FAMILY = "1,2";
			};
			name = Debug;
		};
		ED8E58B81C74F0C400EF2105 /* Release */ = {
			isa = XCBuildConfiguration;
			buildSettings = {
				ALWAYS_SEARCH_USER_PATHS = NO;
				CLANG_CXX_LANGUAGE_STANDARD = "gnu++0x";
				CLANG_CXX_LIBRARY = "libc++";
				CLANG_ENABLE_MODULES = YES;
				CLANG_ENABLE_OBJC_ARC = YES;
				CLANG_WARN_BOOL_CONVERSION = YES;
				CLANG_WARN_CONSTANT_CONVERSION = YES;
				CLANG_WARN_DIRECT_OBJC_ISA_USAGE = YES_ERROR;
				CLANG_WARN_EMPTY_BODY = YES;
				CLANG_WARN_ENUM_CONVERSION = YES;
				CLANG_WARN_INT_CONVERSION = YES;
				CLANG_WARN_OBJC_ROOT_CLASS = YES_ERROR;
				CLANG_WARN_UNREACHABLE_CODE = YES;
				CLANG_WARN__DUPLICATE_METHOD_MATCH = YES;
				"CODE_SIGN_IDENTITY[sdk=iphoneos*]" = "iPhone Developer";
				COPY_PHASE_STRIP = NO;
				DEBUG_INFORMATION_FORMAT = "dwarf-with-dsym";
				ENABLE_NS_ASSERTIONS = NO;
				ENABLE_STRICT_OBJC_MSGSEND = YES;
				GCC_C_LANGUAGE_STANDARD = gnu99;
				GCC_NO_COMMON_BLOCKS = YES;
				GCC_WARN_64_TO_32_BIT_CONVERSION = YES;
				GCC_WARN_ABOUT_RETURN_TYPE = YES_ERROR;
				GCC_WARN_UNDECLARED_SELECTOR = YES;
				GCC_WARN_UNINITIALIZED_AUTOS = YES_AGGRESSIVE;
				GCC_WARN_UNUSED_FUNCTION = YES;
				GCC_WARN_UNUSED_VARIABLE = YES;
				IPHONEOS_DEPLOYMENT_TARGET = 9.2;
				MTL_ENABLE_DEBUG_INFO = NO;
				SDKROOT = iphoneos;
				TARGETED_DEVICE_FAMILY = "1,2";
				VALIDATE_PRODUCT = YES;
			};
			name = Release;
		};
		ED8E58BA1C74F0C400EF2105 /* Debug */ = {
			isa = XCBuildConfiguration;
			baseConfigurationReference = 0189CA0249EC9FD1718889D3 /* Pods-forNiiSokb.debug.xcconfig */;
			buildSettings = {
				ASSETCATALOG_COMPILER_APPICON_NAME = AppIcon;
				INFOPLIST_FILE = forNiiSokb/Info.plist;
				LD_RUNPATH_SEARCH_PATHS = "$(inherited) @executable_path/Frameworks";
				PRODUCT_BUNDLE_IDENTIFIER = rs.forNiiSokb;
				PRODUCT_NAME = "$(TARGET_NAME)";
			};
			name = Debug;
		};
		ED8E58BB1C74F0C400EF2105 /* Release */ = {
			isa = XCBuildConfiguration;
			baseConfigurationReference = 0DD8F7EC48AB8676D7F3B89C /* Pods-forNiiSokb.release.xcconfig */;
			buildSettings = {
				ASSETCATALOG_COMPILER_APPICON_NAME = AppIcon;
				INFOPLIST_FILE = forNiiSokb/Info.plist;
				LD_RUNPATH_SEARCH_PATHS = "$(inherited) @executable_path/Frameworks";
				PRODUCT_BUNDLE_IDENTIFIER = rs.forNiiSokb;
				PRODUCT_NAME = "$(TARGET_NAME)";
			};
			name = Release;
		};
/* End XCBuildConfiguration section */

/* Begin XCConfigurationList section */
		ED8E58A21C74F0C300EF2105 /* Build configuration list for PBXProject "forNiiSokb" */ = {
			isa = XCConfigurationList;
			buildConfigurations = (
				ED8E58B71C74F0C400EF2105 /* Debug */,
				ED8E58B81C74F0C400EF2105 /* Release */,
			);
			defaultConfigurationIsVisible = 0;
			defaultConfigurationName = Release;
		};
		ED8E58B91C74F0C400EF2105 /* Build configuration list for PBXNativeTarget "forNiiSokb" */ = {
			isa = XCConfigurationList;
			buildConfigurations = (
				ED8E58BA1C74F0C400EF2105 /* Debug */,
				ED8E58BB1C74F0C400EF2105 /* Release */,
			);
			defaultConfigurationIsVisible = 0;
			defaultConfigurationName = Release;
		};
/* End XCConfigurationList section */
	};
	rootObject = ED8E589F1C74F0C300EF2105 /* Project object */;
}
